
Microsoft Visual Studio Solution File, Format Version 12.00
Project("{FAE04EC0-301F-11D3-BF4B-00C04F79EFBC}") = "Messaging.API", "Messaging.API\Messaging.API.csproj", "{85D15AA8-E147-4A9C-BF32-860D9915FEF8}"
EndProject
Project("{2150E333-8FDC-42A3-9474-1A3956D46DE8}") = "Solution Items", "Solution Items", "{067A2F95-6655-4DFF-8260-EB1410AFB82F}"
	ProjectSection(SolutionItems) = preProject
		docker-compose.yml = docker-compose.yml
	EndProjectSection
EndProject
Project("{2150E333-8FDC-42A3-9474-1A3956D46DE8}") = "src", "src", "{2383A3BC-33D1-4B54-8903-A80772D07BA7}"
EndProject
Project("{2150E333-8FDC-42A3-9474-1A3956D46DE8}") = "API", "API", "{C55D0E44-3D1A-4419-90D6-1FEB4BE4AEF2}"
EndProject
Project("{2150E333-8FDC-42A3-9474-1A3956D46DE8}") = "Application", "Application", "{0D07341D-0606-48F5-8CAB-D1266ADD423C}"
EndProject
Project("{FAE04EC0-301F-11D3-BF4B-00C04F79EFBC}") = "Messaging.Application", "Messaging.Application\Messaging.Application.csproj", "{BB3C1DDE-E854-484F-A050-D2E474A79311}"
EndProject
Project("{2150E333-8FDC-42A3-9474-1A3956D46DE8}") = "Infrastructure", "Infrastructure", "{24146CF9-4478-43BF-93A3-97716191FA16}"
EndProject
Project("{2150E333-8FDC-42A3-9474-1A3956D46DE8}") = "Domain", "Domain", "{AB3ADB1F-F8D4-4907-B35D-6221B86CFD17}"
EndProject
Project("{FAE04EC0-301F-11D3-BF4B-00C04F79EFBC}") = "Messaging.Domain", "Messaging.Domain\Messaging.Domain.csproj", "{AF7E82C0-A0CB-4588-A312-F5072DEC7FD0}"
EndProject
Project("{2150E333-8FDC-42A3-9474-1A3956D46DE8}") = "Persistence", "Persistence", "{28E773BE-C92C-4EF2-8623-1CF7FB24A55D}"
EndProject
Project("{FAE04EC0-301F-11D3-BF4B-00C04F79EFBC}") = "Messaging.Persistence", "Messaging.Persistence\Messaging.Persistence.csproj", "{337BD17C-66A0-46D9-90FE-41770A33FA23}"
EndProject
Global
	GlobalSection(SolutionConfigurationPlatforms) = preSolution
		Debug|Any CPU = Debug|Any CPU
		Release|Any CPU = Release|Any CPU
	EndGlobalSection
	GlobalSection(ProjectConfigurationPlatforms) = postSolution
		{85D15AA8-E147-4A9C-BF32-860D9915FEF8}.Debug|Any CPU.ActiveCfg = Debug|Any CPU
		{85D15AA8-E147-4A9C-BF32-860D9915FEF8}.Debug|Any CPU.Build.0 = Debug|Any CPU
		{85D15AA8-E147-4A9C-BF32-860D9915FEF8}.Release|Any CPU.ActiveCfg = Release|Any CPU
		{85D15AA8-E147-4A9C-BF32-860D9915FEF8}.Release|Any CPU.Build.0 = Release|Any CPU
		{BB3C1DDE-E854-484F-A050-D2E474A79311}.Debug|Any CPU.ActiveCfg = Debug|Any CPU
		{BB3C1DDE-E854-484F-A050-D2E474A79311}.Debug|Any CPU.Build.0 = Debug|Any CPU
		{BB3C1DDE-E854-484F-A050-D2E474A79311}.Release|Any CPU.ActiveCfg = Release|Any CPU
		{BB3C1DDE-E854-484F-A050-D2E474A79311}.Release|Any CPU.Build.0 = Release|Any CPU
		{AF7E82C0-A0CB-4588-A312-F5072DEC7FD0}.Debug|Any CPU.ActiveCfg = Debug|Any CPU
		{AF7E82C0-A0CB-4588-A312-F5072DEC7FD0}.Debug|Any CPU.Build.0 = Debug|Any CPU
		{AF7E82C0-A0CB-4588-A312-F5072DEC7FD0}.Release|Any CPU.ActiveCfg = Release|Any CPU
		{AF7E82C0-A0CB-4588-A312-F5072DEC7FD0}.Release|Any CPU.Build.0 = Release|Any CPU
		{337BD17C-66A0-46D9-90FE-41770A33FA23}.Debug|Any CPU.ActiveCfg = Debug|Any CPU
		{337BD17C-66A0-46D9-90FE-41770A33FA23}.Debug|Any CPU.Build.0 = Debug|Any CPU
		{337BD17C-66A0-46D9-90FE-41770A33FA23}.Release|Any CPU.ActiveCfg = Release|Any CPU
		{337BD17C-66A0-46D9-90FE-41770A33FA23}.Release|Any CPU.Build.0 = Release|Any CPU
	EndGlobalSection
	GlobalSection(NestedProjects) = preSolution
		{C55D0E44-3D1A-4419-90D6-1FEB4BE4AEF2} = {2383A3BC-33D1-4B54-8903-A80772D07BA7}
		{85D15AA8-E147-4A9C-BF32-860D9915FEF8} = {C55D0E44-3D1A-4419-90D6-1FEB4BE4AEF2}
		{0D07341D-0606-48F5-8CAB-D1266ADD423C} = {2383A3BC-33D1-4B54-8903-A80772D07BA7}
		{BB3C1DDE-E854-484F-A050-D2E474A79311} = {0D07341D-0606-48F5-8CAB-D1266ADD423C}
		{24146CF9-4478-43BF-93A3-97716191FA16} = {2383A3BC-33D1-4B54-8903-A80772D07BA7}
		{AB3ADB1F-F8D4-4907-B35D-6221B86CFD17} = {2383A3BC-33D1-4B54-8903-A80772D07BA7}
		{AF7E82C0-A0CB-4588-A312-F5072DEC7FD0} = {AB3ADB1F-F8D4-4907-B35D-6221B86CFD17}
		{28E773BE-C92C-4EF2-8623-1CF7FB24A55D} = {24146CF9-4478-43BF-93A3-97716191FA16}
		{337BD17C-66A0-46D9-90FE-41770A33FA23} = {28E773BE-C92C-4EF2-8623-1CF7FB24A55D}
	EndGlobalSection
EndGlobal
